
Microsoft Visual Studio Solution File, Format Version 12.00
# Visual Studio Version 17
VisualStudioVersion = 17.9.34616.47
MinimumVisualStudioVersion = 10.0.40219.1
Project("{8BC9CEB8-8B4A-11D0-8D11-00A0C91BC942}") = "0131_FA_Pemdas", "0131_FA_Pemdas\0131_FA_Pemdas.vcxproj", "{A461B4B2-B76F-4DFB-BD95-7915CD1974D3}"
EndProject
Global
	GlobalSection(SolutionConfigurationPlatforms) = preSolution
		Debug|x64 = Debug|x64
		Debug|x86 = Debug|x86
		Release|x64 = Release|x64
		Release|x86 = Release|x86
	EndGlobalSection
	GlobalSection(ProjectConfigurationPlatforms) = postSolution
		{A461B4B2-B76F-4DFB-BD95-7915CD1974D3}.Debug|x64.ActiveCfg = Debug|x64
		{A461B4B2-B76F-4DFB-BD95-7915CD1974D3}.Debug|x64.Build.0 = Debug|x64
		{A461B4B2-B76F-4DFB-BD95-7915CD1974D3}.Debug|x86.ActiveCfg = Debug|Win32
		{A461B4B2-B76F-4DFB-BD95-7915CD1974D3}.Debug|x86.Build.0 = Debug|Win32
		{A461B4B2-B76F-4DFB-BD95-7915CD1974D3}.Release|x64.ActiveCfg = Release|x64
		{A461B4B2-B76F-4DFB-BD95-7915CD1974D3}.Release|x64.Build.0 = Release|x64
		{A461B4B2-B76F-4DFB-BD95-7915CD1974D3}.Release|x86.ActiveCfg = Release|Win32
		{A461B4B2-B76F-4DFB-BD95-7915CD1974D3}.Release|x86.Build.0 = Release|Win32
	EndGlobalSection
	GlobalSection(SolutionProperties) = preSolution
		HideSolutionNode = FALSE
	EndGlobalSection
	GlobalSection(ExtensibilityGlobals) = postSolution
		SolutionGuid = {599AB2D7-03F2-45EF-9805-4FD09E65C355}
	EndGlobalSection
EndGlobal
